
Microsoft Visual Studio Solution File, Format Version 12.00
# Visual Studio Version 16
VisualStudioVersion = 16.0.31424.327
MinimumVisualStudioVersion = 10.0.40219.1
Project("{FAE04EC0-301F-11D3-BF4B-00C04F79EFBC}") = "SchoolBook", "SchoolBook\SchoolBook.csproj", "{D19B3430-6604-4000-A0CF-FAD9DA2BF156}"
EndProject
Global
	GlobalSection(SolutionConfigurationPlatforms) = preSolution
		Debug|Any CPU = Debug|Any CPU
		Release|Any CPU = Release|Any CPU
	EndGlobalSection
	GlobalSection(ProjectConfigurationPlatforms) = postSolution
		{D19B3430-6604-4000-A0CF-FAD9DA2BF156}.Debug|Any CPU.ActiveCfg = Debug|Any CPU
		{D19B3430-6604-4000-A0CF-FAD9DA2BF156}.Debug|Any CPU.Build.0 = Debug|Any CPU
		{D19B3430-6604-4000-A0CF-FAD9DA2BF156}.Release|Any CPU.ActiveCfg = Release|Any CPU
		{D19B3430-6604-4000-A0CF-FAD9DA2BF156}.Release|Any CPU.Build.0 = Release|Any CPU
	EndGlobalSection
	GlobalSection(SolutionProperties) = preSolution
		HideSolutionNode = FALSE
	EndGlobalSection
	GlobalSection(ExtensibilityGlobals) = postSolution
		SolutionGuid = {5A830199-7FD3-4445-81A4-5D2FC50BF513}
	EndGlobalSection
EndGlobal
